
Microsoft Visual Studio Solution File, Format Version 12.00
# Visual Studio 15
VisualStudioVersion = 15.0.28307.1062
MinimumVisualStudioVersion = 10.0.40219.1
Project("{FAE04EC0-301F-11D3-BF4B-00C04F79EFBC}") = "Repository", "Repository\Repository.csproj", "{DFF1F001-B54F-41BB-80A1-6FC9996E33B7}"
EndProject
Project("{FAE04EC0-301F-11D3-BF4B-00C04F79EFBC}") = "Service", "Service\Service.csproj", "{3411224E-11BC-43A1-A55F-A558278E2E1C}"
EndProject
Project("{FAE04EC0-301F-11D3-BF4B-00C04F79EFBC}") = "Models", "Models\Models.csproj", "{84A40146-828B-43E9-9BD7-75A6610EB86A}"
EndProject
Project("{FAE04EC0-301F-11D3-BF4B-00C04F79EFBC}") = "WebController", "WebController\WebController.csproj", "{386C9C67-8721-4169-97C2-8CD47A6ADC2E}"
EndProject
Global
	GlobalSection(SolutionConfigurationPlatforms) = preSolution
		Debug|Any CPU = Debug|Any CPU
		Release|Any CPU = Release|Any CPU
	EndGlobalSection
	GlobalSection(ProjectConfigurationPlatforms) = postSolution
		{DFF1F001-B54F-41BB-80A1-6FC9996E33B7}.Debug|Any CPU.ActiveCfg = Debug|Any CPU
		{DFF1F001-B54F-41BB-80A1-6FC9996E33B7}.Debug|Any CPU.Build.0 = Debug|Any CPU
		{DFF1F001-B54F-41BB-80A1-6FC9996E33B7}.Release|Any CPU.ActiveCfg = Release|Any CPU
		{DFF1F001-B54F-41BB-80A1-6FC9996E33B7}.Release|Any CPU.Build.0 = Release|Any CPU
		{3411224E-11BC-43A1-A55F-A558278E2E1C}.Debug|Any CPU.ActiveCfg = Debug|Any CPU
		{3411224E-11BC-43A1-A55F-A558278E2E1C}.Debug|Any CPU.Build.0 = Debug|Any CPU
		{3411224E-11BC-43A1-A55F-A558278E2E1C}.Release|Any CPU.ActiveCfg = Release|Any CPU
		{3411224E-11BC-43A1-A55F-A558278E2E1C}.Release|Any CPU.Build.0 = Release|Any CPU
		{84A40146-828B-43E9-9BD7-75A6610EB86A}.Debug|Any CPU.ActiveCfg = Debug|Any CPU
		{84A40146-828B-43E9-9BD7-75A6610EB86A}.Debug|Any CPU.Build.0 = Debug|Any CPU
		{84A40146-828B-43E9-9BD7-75A6610EB86A}.Release|Any CPU.ActiveCfg = Release|Any CPU
		{84A40146-828B-43E9-9BD7-75A6610EB86A}.Release|Any CPU.Build.0 = Release|Any CPU
		{386C9C67-8721-4169-97C2-8CD47A6ADC2E}.Debug|Any CPU.ActiveCfg = Debug|Any CPU
		{386C9C67-8721-4169-97C2-8CD47A6ADC2E}.Debug|Any CPU.Build.0 = Debug|Any CPU
		{386C9C67-8721-4169-97C2-8CD47A6ADC2E}.Release|Any CPU.ActiveCfg = Release|Any CPU
		{386C9C67-8721-4169-97C2-8CD47A6ADC2E}.Release|Any CPU.Build.0 = Release|Any CPU
	EndGlobalSection
	GlobalSection(SolutionProperties) = preSolution
		HideSolutionNode = FALSE
	EndGlobalSection
	GlobalSection(ExtensibilityGlobals) = postSolution
		SolutionGuid = {49D3E15D-82DA-4B3E-907F-624623A7CAD6}
	EndGlobalSection
EndGlobal
