
Microsoft Visual Studio Solution File, Format Version 12.00
# Visual Studio Version 16
VisualStudioVersion = 16.0.31129.286
MinimumVisualStudioVersion = 10.0.40219.1
Project("{9A19103F-16F7-4668-BE54-9A1E7A4F7556}") = "Repository", "Repository\Repository.csproj", "{DFF1F001-B54F-41BB-80A1-6FC9996E33B7}"
EndProject
Project("{9A19103F-16F7-4668-BE54-9A1E7A4F7556}") = "Service", "Service\Service.csproj", "{3411224E-11BC-43A1-A55F-A558278E2E1C}"
EndProject
Project("{9A19103F-16F7-4668-BE54-9A1E7A4F7556}") = "Models", "Models\Models.csproj", "{84A40146-828B-43E9-9BD7-75A6610EB86A}"
EndProject
Project("{FAE04EC0-301F-11D3-BF4B-00C04F79EFBC}") = "WebController", "WebController\WebController.csproj", "{6728A178-ADD7-40EC-9978-C65D5797EEF4}"
EndProject
Project("{FAE04EC0-301F-11D3-BF4B-00C04F79EFBC}") = "ServiceInterfaces", "ServiceInterfaces\ServiceInterfaces.csproj", "{68B34E4E-BD4D-435B-8301-601C049B5485}"
EndProject
Global
	GlobalSection(SolutionConfigurationPlatforms) = preSolution
		Debug|Any CPU = Debug|Any CPU
		Debug|ARM = Debug|ARM
		Debug|ARM64 = Debug|ARM64
		Debug|x64 = Debug|x64
		Debug|x86 = Debug|x86
		Release|Any CPU = Release|Any CPU
		Release|ARM = Release|ARM
		Release|ARM64 = Release|ARM64
		Release|x64 = Release|x64
		Release|x86 = Release|x86
	EndGlobalSection
	GlobalSection(ProjectConfigurationPlatforms) = postSolution
		{DFF1F001-B54F-41BB-80A1-6FC9996E33B7}.Debug|Any CPU.ActiveCfg = Debug|Any CPU
		{DFF1F001-B54F-41BB-80A1-6FC9996E33B7}.Debug|Any CPU.Build.0 = Debug|Any CPU
		{DFF1F001-B54F-41BB-80A1-6FC9996E33B7}.Debug|ARM.ActiveCfg = Debug|Any CPU
		{DFF1F001-B54F-41BB-80A1-6FC9996E33B7}.Debug|ARM.Build.0 = Debug|Any CPU
		{DFF1F001-B54F-41BB-80A1-6FC9996E33B7}.Debug|ARM64.ActiveCfg = Debug|Any CPU
		{DFF1F001-B54F-41BB-80A1-6FC9996E33B7}.Debug|ARM64.Build.0 = Debug|Any CPU
		{DFF1F001-B54F-41BB-80A1-6FC9996E33B7}.Debug|x64.ActiveCfg = Debug|Any CPU
		{DFF1F001-B54F-41BB-80A1-6FC9996E33B7}.Debug|x64.Build.0 = Debug|Any CPU
		{DFF1F001-B54F-41BB-80A1-6FC9996E33B7}.Debug|x86.ActiveCfg = Debug|Any CPU
		{DFF1F001-B54F-41BB-80A1-6FC9996E33B7}.Debug|x86.Build.0 = Debug|Any CPU
		{DFF1F001-B54F-41BB-80A1-6FC9996E33B7}.Release|Any CPU.ActiveCfg = Release|Any CPU
		{DFF1F001-B54F-41BB-80A1-6FC9996E33B7}.Release|Any CPU.Build.0 = Release|Any CPU
		{DFF1F001-B54F-41BB-80A1-6FC9996E33B7}.Release|ARM.ActiveCfg = Release|Any CPU
		{DFF1F001-B54F-41BB-80A1-6FC9996E33B7}.Release|ARM.Build.0 = Release|Any CPU
		{DFF1F001-B54F-41BB-80A1-6FC9996E33B7}.Release|ARM64.ActiveCfg = Release|Any CPU
		{DFF1F001-B54F-41BB-80A1-6FC9996E33B7}.Release|ARM64.Build.0 = Release|Any CPU
		{DFF1F001-B54F-41BB-80A1-6FC9996E33B7}.Release|x64.ActiveCfg = Release|Any CPU
		{DFF1F001-B54F-41BB-80A1-6FC9996E33B7}.Release|x64.Build.0 = Release|Any CPU
		{DFF1F001-B54F-41BB-80A1-6FC9996E33B7}.Release|x86.ActiveCfg = Release|Any CPU
		{DFF1F001-B54F-41BB-80A1-6FC9996E33B7}.Release|x86.Build.0 = Release|Any CPU
		{3411224E-11BC-43A1-A55F-A558278E2E1C}.Debug|Any CPU.ActiveCfg = Debug|Any CPU
		{3411224E-11BC-43A1-A55F-A558278E2E1C}.Debug|Any CPU.Build.0 = Debug|Any CPU
		{3411224E-11BC-43A1-A55F-A558278E2E1C}.Debug|ARM.ActiveCfg = Debug|Any CPU
		{3411224E-11BC-43A1-A55F-A558278E2E1C}.Debug|ARM.Build.0 = Debug|Any CPU
		{3411224E-11BC-43A1-A55F-A558278E2E1C}.Debug|ARM64.ActiveCfg = Debug|Any CPU
		{3411224E-11BC-43A1-A55F-A558278E2E1C}.Debug|ARM64.Build.0 = Debug|Any CPU
		{3411224E-11BC-43A1-A55F-A558278E2E1C}.Debug|x64.ActiveCfg = Debug|Any CPU
		{3411224E-11BC-43A1-A55F-A558278E2E1C}.Debug|x64.Build.0 = Debug|Any CPU
		{3411224E-11BC-43A1-A55F-A558278E2E1C}.Debug|x86.ActiveCfg = Debug|Any CPU
		{3411224E-11BC-43A1-A55F-A558278E2E1C}.Debug|x86.Build.0 = Debug|Any CPU
		{3411224E-11BC-43A1-A55F-A558278E2E1C}.Release|Any CPU.ActiveCfg = Release|Any CPU
		{3411224E-11BC-43A1-A55F-A558278E2E1C}.Release|Any CPU.Build.0 = Release|Any CPU
		{3411224E-11BC-43A1-A55F-A558278E2E1C}.Release|ARM.ActiveCfg = Release|Any CPU
		{3411224E-11BC-43A1-A55F-A558278E2E1C}.Release|ARM.Build.0 = Release|Any CPU
		{3411224E-11BC-43A1-A55F-A558278E2E1C}.Release|ARM64.ActiveCfg = Release|Any CPU
		{3411224E-11BC-43A1-A55F-A558278E2E1C}.Release|ARM64.Build.0 = Release|Any CPU
		{3411224E-11BC-43A1-A55F-A558278E2E1C}.Release|x64.ActiveCfg = Release|Any CPU
		{3411224E-11BC-43A1-A55F-A558278E2E1C}.Release|x64.Build.0 = Release|Any CPU
		{3411224E-11BC-43A1-A55F-A558278E2E1C}.Release|x86.ActiveCfg = Release|Any CPU
		{3411224E-11BC-43A1-A55F-A558278E2E1C}.Release|x86.Build.0 = Release|Any CPU
		{84A40146-828B-43E9-9BD7-75A6610EB86A}.Debug|Any CPU.ActiveCfg = Debug|Any CPU
		{84A40146-828B-43E9-9BD7-75A6610EB86A}.Debug|Any CPU.Build.0 = Debug|Any CPU
		{84A40146-828B-43E9-9BD7-75A6610EB86A}.Debug|ARM.ActiveCfg = Debug|Any CPU
		{84A40146-828B-43E9-9BD7-75A6610EB86A}.Debug|ARM.Build.0 = Debug|Any CPU
		{84A40146-828B-43E9-9BD7-75A6610EB86A}.Debug|ARM64.ActiveCfg = Debug|Any CPU
		{84A40146-828B-43E9-9BD7-75A6610EB86A}.Debug|ARM64.Build.0 = Debug|Any CPU
		{84A40146-828B-43E9-9BD7-75A6610EB86A}.Debug|x64.ActiveCfg = Debug|Any CPU
		{84A40146-828B-43E9-9BD7-75A6610EB86A}.Debug|x64.Build.0 = Debug|Any CPU
		{84A40146-828B-43E9-9BD7-75A6610EB86A}.Debug|x86.ActiveCfg = Debug|Any CPU
		{84A40146-828B-43E9-9BD7-75A6610EB86A}.Debug|x86.Build.0 = Debug|Any CPU
		{84A40146-828B-43E9-9BD7-75A6610EB86A}.Release|Any CPU.ActiveCfg = Release|Any CPU
		{84A40146-828B-43E9-9BD7-75A6610EB86A}.Release|Any CPU.Build.0 = Release|Any CPU
		{84A40146-828B-43E9-9BD7-75A6610EB86A}.Release|ARM.ActiveCfg = Release|Any CPU
		{84A40146-828B-43E9-9BD7-75A6610EB86A}.Release|ARM.Build.0 = Release|Any CPU
		{84A40146-828B-43E9-9BD7-75A6610EB86A}.Release|ARM64.ActiveCfg = Release|Any CPU
		{84A40146-828B-43E9-9BD7-75A6610EB86A}.Release|ARM64.Build.0 = Release|Any CPU
		{84A40146-828B-43E9-9BD7-75A6610EB86A}.Release|x64.ActiveCfg = Release|Any CPU
		{84A40146-828B-43E9-9BD7-75A6610EB86A}.Release|x64.Build.0 = Release|Any CPU
		{84A40146-828B-43E9-9BD7-75A6610EB86A}.Release|x86.ActiveCfg = Release|Any CPU
		{84A40146-828B-43E9-9BD7-75A6610EB86A}.Release|x86.Build.0 = Release|Any CPU
		{6728A178-ADD7-40EC-9978-C65D5797EEF4}.Debug|Any CPU.ActiveCfg = Debug|Any CPU
		{6728A178-ADD7-40EC-9978-C65D5797EEF4}.Debug|Any CPU.Build.0 = Debug|Any CPU
		{6728A178-ADD7-40EC-9978-C65D5797EEF4}.Debug|ARM.ActiveCfg = Debug|Any CPU
		{6728A178-ADD7-40EC-9978-C65D5797EEF4}.Debug|ARM.Build.0 = Debug|Any CPU
		{6728A178-ADD7-40EC-9978-C65D5797EEF4}.Debug|ARM64.ActiveCfg = Debug|Any CPU
		{6728A178-ADD7-40EC-9978-C65D5797EEF4}.Debug|ARM64.Build.0 = Debug|Any CPU
		{6728A178-ADD7-40EC-9978-C65D5797EEF4}.Debug|x64.ActiveCfg = Debug|Any CPU
		{6728A178-ADD7-40EC-9978-C65D5797EEF4}.Debug|x64.Build.0 = Debug|Any CPU
		{6728A178-ADD7-40EC-9978-C65D5797EEF4}.Debug|x86.ActiveCfg = Debug|Any CPU
		{6728A178-ADD7-40EC-9978-C65D5797EEF4}.Debug|x86.Build.0 = Debug|Any CPU
		{6728A178-ADD7-40EC-9978-C65D5797EEF4}.Release|Any CPU.ActiveCfg = Release|Any CPU
		{6728A178-ADD7-40EC-9978-C65D5797EEF4}.Release|Any CPU.Build.0 = Release|Any CPU
		{6728A178-ADD7-40EC-9978-C65D5797EEF4}.Release|ARM.ActiveCfg = Release|Any CPU
		{6728A178-ADD7-40EC-9978-C65D5797EEF4}.Release|ARM.Build.0 = Release|Any CPU
		{6728A178-ADD7-40EC-9978-C65D5797EEF4}.Release|ARM64.ActiveCfg = Release|Any CPU
		{6728A178-ADD7-40EC-9978-C65D5797EEF4}.Release|ARM64.Build.0 = Release|Any CPU
		{6728A178-ADD7-40EC-9978-C65D5797EEF4}.Release|x64.ActiveCfg = Release|Any CPU
		{6728A178-ADD7-40EC-9978-C65D5797EEF4}.Release|x64.Build.0 = Release|Any CPU
		{6728A178-ADD7-40EC-9978-C65D5797EEF4}.Release|x86.ActiveCfg = Release|Any CPU
		{6728A178-ADD7-40EC-9978-C65D5797EEF4}.Release|x86.Build.0 = Release|Any CPU
		{68B34E4E-BD4D-435B-8301-601C049B5485}.Debug|Any CPU.ActiveCfg = Debug|Any CPU
		{68B34E4E-BD4D-435B-8301-601C049B5485}.Debug|Any CPU.Build.0 = Debug|Any CPU
		{68B34E4E-BD4D-435B-8301-601C049B5485}.Debug|ARM.ActiveCfg = Debug|Any CPU
		{68B34E4E-BD4D-435B-8301-601C049B5485}.Debug|ARM.Build.0 = Debug|Any CPU
		{68B34E4E-BD4D-435B-8301-601C049B5485}.Debug|ARM64.ActiveCfg = Debug|Any CPU
		{68B34E4E-BD4D-435B-8301-601C049B5485}.Debug|ARM64.Build.0 = Debug|Any CPU
		{68B34E4E-BD4D-435B-8301-601C049B5485}.Debug|x64.ActiveCfg = Debug|Any CPU
		{68B34E4E-BD4D-435B-8301-601C049B5485}.Debug|x64.Build.0 = Debug|Any CPU
		{68B34E4E-BD4D-435B-8301-601C049B5485}.Debug|x86.ActiveCfg = Debug|Any CPU
		{68B34E4E-BD4D-435B-8301-601C049B5485}.Debug|x86.Build.0 = Debug|Any CPU
		{68B34E4E-BD4D-435B-8301-601C049B5485}.Release|Any CPU.ActiveCfg = Release|Any CPU
		{68B34E4E-BD4D-435B-8301-601C049B5485}.Release|Any CPU.Build.0 = Release|Any CPU
		{68B34E4E-BD4D-435B-8301-601C049B5485}.Release|ARM.ActiveCfg = Release|Any CPU
		{68B34E4E-BD4D-435B-8301-601C049B5485}.Release|ARM.Build.0 = Release|Any CPU
		{68B34E4E-BD4D-435B-8301-601C049B5485}.Release|ARM64.ActiveCfg = Release|Any CPU
		{68B34E4E-BD4D-435B-8301-601C049B5485}.Release|ARM64.Build.0 = Release|Any CPU
		{68B34E4E-BD4D-435B-8301-601C049B5485}.Release|x64.ActiveCfg = Release|Any CPU
		{68B34E4E-BD4D-435B-8301-601C049B5485}.Release|x64.Build.0 = Release|Any CPU
		{68B34E4E-BD4D-435B-8301-601C049B5485}.Release|x86.ActiveCfg = Release|Any CPU
		{68B34E4E-BD4D-435B-8301-601C049B5485}.Release|x86.Build.0 = Release|Any CPU
	EndGlobalSection
	GlobalSection(SolutionProperties) = preSolution
		HideSolutionNode = FALSE
	EndGlobalSection
	GlobalSection(ExtensibilityGlobals) = postSolution
		SolutionGuid = {49D3E15D-82DA-4B3E-907F-624623A7CAD6}
	EndGlobalSection
EndGlobal
